{
  "name": "ng2-google-charts-demo",
  "version": "3.3.0",
  "lockfileVersion": 1,
  "requires": true,
  "dependencies": {
    "moment": {
      "version": "2.19.4",
      "resolved": "https://registry.npmjs.org/moment/-/moment-2.19.4.tgz",
      "integrity": "sha512-1xFTAknSLfc47DIxHDUbnJWC+UwgWxATmymaxIPQpmMh7LBm7ZbwVEsuushqwL2GYZU0jie4xO+TK44hJPjNSQ=="
    },
    "ng2-google-charts": {
      "version": "3.3.0",
      "resolved": "https://registry.npmjs.org/ng2-google-charts/-/ng2-google-charts-3.3.0.tgz",
      "integrity": "sha1-cd4pTDS45jExX5mDrpOYybeZG+0=",
      "requires": {
        "moment": "2.17.1"
      },
      "dependencies": {
        "moment": {
          "version": "2.17.1",
          "resolved": "https://registry.npmjs.org/moment/-/moment-2.17.1.tgz",
          "integrity": "sha1-/tlQYGPzaxDwZsi1mhRNf66+HYI="
        }
      }
    }
  }
}
